
Microsoft Visual Studio Solution File, Format Version 12.00
# Visual Studio Version 17
VisualStudioVersion = 17.14.36518.9 d17.14
MinimumVisualStudioVersion = 10.0.40219.1
Project("{FAE04EC0-301F-11D3-BF4B-00C04F79EFBC}") = "as-webApp-helloWorld", "as-webApp-helloWorld.csproj", "{096882BE-6E72-4AF4-B8FE-2AC6F55D96B9}"
EndProject
Global
	GlobalSection(SolutionConfigurationPlatforms) = preSolution
		Debug|Any CPU = Debug|Any CPU
		Release|Any CPU = Release|Any CPU
	EndGlobalSection
	GlobalSection(ProjectConfigurationPlatforms) = postSolution
		{096882BE-6E72-4AF4-B8FE-2AC6F55D96B9}.Debug|Any CPU.ActiveCfg = Debug|Any CPU
		{096882BE-6E72-4AF4-B8FE-2AC6F55D96B9}.Debug|Any CPU.Build.0 = Debug|Any CPU
		{096882BE-6E72-4AF4-B8FE-2AC6F55D96B9}.Release|Any CPU.ActiveCfg = Release|Any CPU
		{096882BE-6E72-4AF4-B8FE-2AC6F55D96B9}.Release|Any CPU.Build.0 = Release|Any CPU
	EndGlobalSection
	GlobalSection(SolutionProperties) = preSolution
		HideSolutionNode = FALSE
	EndGlobalSection
	GlobalSection(ExtensibilityGlobals) = postSolution
		SolutionGuid = {153CBE91-7355-4475-A0DC-25A42EFA5B03}
	EndGlobalSection
EndGlobal
